
Microsoft Visual Studio Solution File, Format Version 12.00
# Visual Studio Version 17
VisualStudioVersion = 17.2.32526.322
MinimumVisualStudioVersion = 10.0.40219.1
Project("{8BC9CEB8-8B4A-11D0-8D11-00A0C91BC942}") = "BOJ_5597", "BOJ_5597.vcxproj", "{758F902D-8F12-444C-92C6-2FFE9687CF22}"
EndProject
Global
	GlobalSection(SolutionConfigurationPlatforms) = preSolution
		Debug|x64 = Debug|x64
		Release|x64 = Release|x64
	EndGlobalSection
	GlobalSection(ProjectConfigurationPlatforms) = postSolution
		{758F902D-8F12-444C-92C6-2FFE9687CF22}.Debug|x64.ActiveCfg = Debug|x64
		{758F902D-8F12-444C-92C6-2FFE9687CF22}.Debug|x64.Build.0 = Debug|x64
		{758F902D-8F12-444C-92C6-2FFE9687CF22}.Release|x64.ActiveCfg = Release|x64
		{758F902D-8F12-444C-92C6-2FFE9687CF22}.Release|x64.Build.0 = Release|x64
	EndGlobalSection
	GlobalSection(SolutionProperties) = preSolution
		HideSolutionNode = FALSE
	EndGlobalSection
	GlobalSection(ExtensibilityGlobals) = postSolution
		SolutionGuid = {5DFAC2BA-2A14-4661-BFA1-1D158C3DE1CE}
	EndGlobalSection
EndGlobal
